{
  "name": "HyperHealth",
  "lockfileVersion": 3,
  "requires": true,
  "packages": {
    "": {
      "dependencies": {
        "create-zkgraph": "^1.0.0"
      }
    },
    "node_modules/create-zkgraph": {
      "version": "1.0.0",
      "resolved": "https://registry.npmjs.org/create-zkgraph/-/create-zkgraph-1.0.0.tgz",
      "integrity": "sha512-xOAY5I+xPUfnT9vl7FADzCBpYwUFPSl95b54ecgsK/NAWwASnO3RyroLqrFCtykNdGWoVG1EimgT2hLJ+eIFlA==",
      "bin": {
        "create-zkgraph": "bin/index.js",
        "cza": "bin/index.js"
      },
      "engines": {
        "node": "^18.0.0 || >=20.0.0"
      }
    }
  }
}
